// !$*UTF8*$!
{
	archiveVersion = 1;
	classes = {
	};
	objectVersion = 56;
	objects = {

/* Begin PBXBuildFile section */
		204C4D022B0D519E0012AF4A /* NaviCademyApp.swift in Sources */ = {isa = PBXBuildFile; fileRef = 204C4D012B0D519E0012AF4A /* NaviCademyApp.swift */; };
		204C4D042B0D519E0012AF4A /* ContentView.swift in Sources */ = {isa = PBXBuildFile; fileRef = 204C4D032B0D519E0012AF4A /* ContentView.swift */; };
		204C4D062B0D519F0012AF4A /* Assets.xcassets in Resources */ = {isa = PBXBuildFile; fileRef = 204C4D052B0D519F0012AF4A /* Assets.xcassets */; };
		204C4D092B0D519F0012AF4A /* Preview Assets.xcassets in Resources */ = {isa = PBXBuildFile; fileRef = 204C4D082B0D519F0012AF4A /* Preview Assets.xcassets */; };
		204C4D172B0D52C80012AF4A /* LoginView.swift in Sources */ = {isa = PBXBuildFile; fileRef = 204C4D162B0D52C80012AF4A /* LoginView.swift */; };
		204C4D1B2B0D56670012AF4A /* InputView.swift in Sources */ = {isa = PBXBuildFile; fileRef = 204C4D1A2B0D56670012AF4A /* InputView.swift */; };
		205C16572B138885004FFE27 /* CustomButtonView.swift in Sources */ = {isa = PBXBuildFile; fileRef = 205C16562B138885004FFE27 /* CustomButtonView.swift */; };
		205C16592B1388ED004FFE27 /* CustomLabel.swift in Sources */ = {isa = PBXBuildFile; fileRef = 205C16582B1388EC004FFE27 /* CustomLabel.swift */; };
		205C165F2B13C79F004FFE27 /* QuizHomeView.swift in Sources */ = {isa = PBXBuildFile; fileRef = 205C165E2B13C79F004FFE27 /* QuizHomeView.swift */; };
		205C16612B13C7DC004FFE27 /* HomeView.swift in Sources */ = {isa = PBXBuildFile; fileRef = 205C16602B13C7DC004FFE27 /* HomeView.swift */; };
		205C16632B13CABB004FFE27 /* MainView.swift in Sources */ = {isa = PBXBuildFile; fileRef = 205C16622B13CABB004FFE27 /* MainView.swift */; };
		205C16652B13CAC6004FFE27 /* MoreView.swift in Sources */ = {isa = PBXBuildFile; fileRef = 205C16642B13CAC6004FFE27 /* MoreView.swift */; };
		205C16672B13CAD0004FFE27 /* LearnHomeView.swift in Sources */ = {isa = PBXBuildFile; fileRef = 205C16662B13CAD0004FFE27 /* LearnHomeView.swift */; };
		209C40B52B1521A700A02158 /* hvAlignmentView.swift in Sources */ = {isa = PBXBuildFile; fileRef = 209C40B42B1521A700A02158 /* hvAlignmentView.swift */; };
		209C40B92B152DA900A02158 /* Y3QuizLightsLevelView.swift in Sources */ = {isa = PBXBuildFile; fileRef = 209C40B82B152DA900A02158 /* Y3QuizLightsLevelView.swift */; };
		209C40BB2B15343400A02158 /* Y3QuizLightsHomeView.swift in Sources */ = {isa = PBXBuildFile; fileRef = 209C40BA2B15343400A02158 /* Y3QuizLightsHomeView.swift */; };
		209C40BD2B1535C000A02158 /* Y3QuizHomeView.swift in Sources */ = {isa = PBXBuildFile; fileRef = 209C40BC2B1535C000A02158 /* Y3QuizHomeView.swift */; };
		209C40C42B16370900A02158 /* AppDelegate.swift in Sources */ = {isa = PBXBuildFile; fileRef = 209C40C32B16370900A02158 /* AppDelegate.swift */; };
		209C40C72B163E4600A02158 /* countDocumentsInCollection.swift in Sources */ = {isa = PBXBuildFile; fileRef = 209C40C62B163E4600A02158 /* countDocumentsInCollection.swift */; };
		209C40C92B163F6900A02158 /* QuizHomeViewModel.swift in Sources */ = {isa = PBXBuildFile; fileRef = 209C40C82B163F6900A02158 /* QuizHomeViewModel.swift */; };
		209C40CB2B16469800A02158 /* Y3QuizLightsLevelViewModel.swift in Sources */ = {isa = PBXBuildFile; fileRef = 209C40CA2B16469800A02158 /* Y3QuizLightsLevelViewModel.swift */; };
		209C40CD2B16728800A02158 /* DynamicContentViewModel.swift in Sources */ = {isa = PBXBuildFile; fileRef = 209C40CC2B16728800A02158 /* DynamicContentViewModel.swift */; };
		209C40CF2B16814000A02158 /* Y3QuizQuestionsView.swift in Sources */ = {isa = PBXBuildFile; fileRef = 209C40CE2B16814000A02158 /* Y3QuizQuestionsView.swift */; };
		209C40DE2B19107400A02158 /* QuizManager.swift in Sources */ = {isa = PBXBuildFile; fileRef = 209C40DD2B19107400A02158 /* QuizManager.swift */; };
		209C40E02B1910AA00A02158 /* QuizQuestion.swift in Sources */ = {isa = PBXBuildFile; fileRef = 209C40DF2B1910AA00A02158 /* QuizQuestion.swift */; };
		209C40E22B1910DB00A02158 /* QuizViewModel.swift in Sources */ = {isa = PBXBuildFile; fileRef = 209C40E12B1910DB00A02158 /* QuizViewModel.swift */; };
		209C40E42B1A2C5100A02158 /* QuizInfo.swift in Sources */ = {isa = PBXBuildFile; fileRef = 209C40E32B1A2C5100A02158 /* QuizInfo.swift */; };
		209C40E62B1A606800A02158 /* SessionManager.swift in Sources */ = {isa = PBXBuildFile; fileRef = 209C40E52B1A606800A02158 /* SessionManager.swift */; };
		209C40E82B1A669900A02158 /* InsideView.swift in Sources */ = {isa = PBXBuildFile; fileRef = 209C40E72B1A669900A02158 /* InsideView.swift */; };
		20A2DF762B14E0BD008D2861 /* QuizOptionComponent.swift in Sources */ = {isa = PBXBuildFile; fileRef = 20A2DF752B14E0BD008D2861 /* QuizOptionComponent.swift */; };
		20A2DF782B14EFD5008D2861 /* QuizOptionRow.swift in Sources */ = {isa = PBXBuildFile; fileRef = 20A2DF772B14EFD5008D2861 /* QuizOptionRow.swift */; };
		20A2DF7A2B14F020008D2861 /* QuizOptionViewModel.swift in Sources */ = {isa = PBXBuildFile; fileRef = 20A2DF792B14F020008D2861 /* QuizOptionViewModel.swift */; };
		20A2DF992B151A0E008D2861 /* FirebaseAnalyticsSwift in Frameworks */ = {isa = PBXBuildFile; productRef = 20A2DF982B151A0E008D2861 /* FirebaseAnalyticsSwift */; };
		20A2DF9B2B151A0E008D2861 /* FirebaseAnalyticsWithoutAdIdSupport in Frameworks */ = {isa = PBXBuildFile; productRef = 20A2DF9A2B151A0E008D2861 /* FirebaseAnalyticsWithoutAdIdSupport */; };
		20A2DF9D2B151A0E008D2861 /* FirebaseAuth in Frameworks */ = {isa = PBXBuildFile; productRef = 20A2DF9C2B151A0E008D2861 /* FirebaseAuth */; };
		20A2DF9F2B151A0E008D2861 /* FirebaseDatabaseSwift in Frameworks */ = {isa = PBXBuildFile; productRef = 20A2DF9E2B151A0E008D2861 /* FirebaseDatabaseSwift */; };
		20A2DFA12B151A0E008D2861 /* FirebaseFirestore in Frameworks */ = {isa = PBXBuildFile; productRef = 20A2DFA02B151A0E008D2861 /* FirebaseFirestore */; };
		20A2DFA32B151A0E008D2861 /* FirebaseFirestoreSwift in Frameworks */ = {isa = PBXBuildFile; productRef = 20A2DFA22B151A0E008D2861 /* FirebaseFirestoreSwift */; };
		20A2DFA52B151A0E008D2861 /* FirebaseFunctions in Frameworks */ = {isa = PBXBuildFile; productRef = 20A2DFA42B151A0E008D2861 /* FirebaseFunctions */; };
		20A2DFA72B151A0E008D2861 /* FirebaseInstallations in Frameworks */ = {isa = PBXBuildFile; productRef = 20A2DFA62B151A0E008D2861 /* FirebaseInstallations */; };
		20A2DFA92B151A0E008D2861 /* FirebaseStorage in Frameworks */ = {isa = PBXBuildFile; productRef = 20A2DFA82B151A0E008D2861 /* FirebaseStorage */; };
		20C47E082B0E62250074D61F /* RegistrationView.swift in Sources */ = {isa = PBXBuildFile; fileRef = 20C47E072B0E62250074D61F /* RegistrationView.swift */; };
		20C47E0A2B0E66A70074D61F /* ForgotPasswordView.swift in Sources */ = {isa = PBXBuildFile; fileRef = 20C47E092B0E66A70074D61F /* ForgotPasswordView.swift */; };
		20C47E0C2B0E69340074D61F /* ProfileView.swift in Sources */ = {isa = PBXBuildFile; fileRef = 20C47E0B2B0E69340074D61F /* ProfileView.swift */; };
		20C47E0E2B0E71EC0074D61F /* SettingsRowView.swift in Sources */ = {isa = PBXBuildFile; fileRef = 20C47E0D2B0E71EC0074D61F /* SettingsRowView.swift */; };
		20E8FE6A2B11636A00149522 /* GifImageView.swift in Sources */ = {isa = PBXBuildFile; fileRef = 20E8FE692B11636A00149522 /* GifImageView.swift */; };
		20E8FE6C2B11656100149522 /* NaviCademy-Launch-Animation.gif in Resources */ = {isa = PBXBuildFile; fileRef = 20E8FE6B2B11656100149522 /* NaviCademy-Launch-Animation.gif */; };
		20E8FE6E2B1165FA00149522 /* Launch Screen.storyboard in Resources */ = {isa = PBXBuildFile; fileRef = 20E8FE6D2B1165FA00149522 /* Launch Screen.storyboard */; };
		20ED58732B0E87F90048BF25 /* User.swift in Sources */ = {isa = PBXBuildFile; fileRef = 20ED58722B0E87F90048BF25 /* User.swift */; };
		20ED58752B0E92BD0048BF25 /* GoogleService-Info.plist in Resources */ = {isa = PBXBuildFile; fileRef = 20ED58742B0E92BD0048BF25 /* GoogleService-Info.plist */; };
		20ED588E2B0E966D0048BF25 /* FirebaseAuth in Frameworks */ = {isa = PBXBuildFile; productRef = 20ED588D2B0E966D0048BF25 /* FirebaseAuth */; };
		20ED58962B0E966D0048BF25 /* FirebaseDatabaseSwift in Frameworks */ = {isa = PBXBuildFile; productRef = 20ED58952B0E966D0048BF25 /* FirebaseDatabaseSwift */; };
		20ED589A2B0E966D0048BF25 /* FirebaseFirestore in Frameworks */ = {isa = PBXBuildFile; productRef = 20ED58992B0E966D0048BF25 /* FirebaseFirestore */; };
		20ED589E2B0E966D0048BF25 /* FirebaseFirestoreSwift in Frameworks */ = {isa = PBXBuildFile; productRef = 20ED589D2B0E966D0048BF25 /* FirebaseFirestoreSwift */; };
		20ED58A02B0E966D0048BF25 /* FirebaseFunctions in Frameworks */ = {isa = PBXBuildFile; productRef = 20ED589F2B0E966D0048BF25 /* FirebaseFunctions */; };
		20ED58A82B0E966D0048BF25 /* FirebaseInstallations in Frameworks */ = {isa = PBXBuildFile; productRef = 20ED58A72B0E966D0048BF25 /* FirebaseInstallations */; };
		20ED58BA2B0E97580048BF25 /* AuthViewModel.swift in Sources */ = {isa = PBXBuildFile; fileRef = 20ED58B92B0E97580048BF25 /* AuthViewModel.swift */; };
/* End PBXBuildFile section */

/* Begin PBXFileReference section */
		204C4CFE2B0D519E0012AF4A /* NaviCademy.app */ = {isa = PBXFileReference; explicitFileType = wrapper.application; includeInIndex = 0; path = NaviCademy.app; sourceTree = BUILT_PRODUCTS_DIR; };
		204C4D012B0D519E0012AF4A /* NaviCademyApp.swift */ = {isa = PBXFileReference; lastKnownFileType = sourcecode.swift; path = NaviCademyApp.swift; sourceTree = "<group>"; };
		204C4D032B0D519E0012AF4A /* ContentView.swift */ = {isa = PBXFileReference; lastKnownFileType = sourcecode.swift; path = ContentView.swift; sourceTree = "<group>"; };
		204C4D052B0D519F0012AF4A /* Assets.xcassets */ = {isa = PBXFileReference; lastKnownFileType = folder.assetcatalog; path = Assets.xcassets; sourceTree = "<group>"; };
		204C4D082B0D519F0012AF4A /* Preview Assets.xcassets */ = {isa = PBXFileReference; lastKnownFileType = folder.assetcatalog; path = "Preview Assets.xcassets"; sourceTree = "<group>"; };
		204C4D162B0D52C80012AF4A /* LoginView.swift */ = {isa = PBXFileReference; lastKnownFileType = sourcecode.swift; path = LoginView.swift; sourceTree = "<group>"; };
		204C4D1A2B0D56670012AF4A /* InputView.swift */ = {isa = PBXFileReference; lastKnownFileType = sourcecode.swift; path = InputView.swift; sourceTree = "<group>"; };
		205C16562B138885004FFE27 /* CustomButtonView.swift */ = {isa = PBXFileReference; lastKnownFileType = sourcecode.swift; path = CustomButtonView.swift; sourceTree = "<group>"; };
		205C16582B1388EC004FFE27 /* CustomLabel.swift */ = {isa = PBXFileReference; lastKnownFileType = sourcecode.swift; path = CustomLabel.swift; sourceTree = "<group>"; };
		205C165E2B13C79F004FFE27 /* QuizHomeView.swift */ = {isa = PBXFileReference; lastKnownFileType = sourcecode.swift; path = QuizHomeView.swift; sourceTree = "<group>"; };
		205C16602B13C7DC004FFE27 /* HomeView.swift */ = {isa = PBXFileReference; lastKnownFileType = sourcecode.swift; path = HomeView.swift; sourceTree = "<group>"; };
		205C16622B13CABB004FFE27 /* MainView.swift */ = {isa = PBXFileReference; lastKnownFileType = sourcecode.swift; path = MainView.swift; sourceTree = "<group>"; };
		205C16642B13CAC6004FFE27 /* MoreView.swift */ = {isa = PBXFileReference; lastKnownFileType = sourcecode.swift; path = MoreView.swift; sourceTree = "<group>"; };
		205C16662B13CAD0004FFE27 /* LearnHomeView.swift */ = {isa = PBXFileReference; lastKnownFileType = sourcecode.swift; path = LearnHomeView.swift; sourceTree = "<group>"; };
		209C40B42B1521A700A02158 /* hvAlignmentView.swift */ = {isa = PBXFileReference; lastKnownFileType = sourcecode.swift; path = hvAlignmentView.swift; sourceTree = "<group>"; };
		209C40B82B152DA900A02158 /* Y3QuizLightsLevelView.swift */ = {isa = PBXFileReference; lastKnownFileType = sourcecode.swift; path = Y3QuizLightsLevelView.swift; sourceTree = "<group>"; };
		209C40BA2B15343400A02158 /* Y3QuizLightsHomeView.swift */ = {isa = PBXFileReference; lastKnownFileType = sourcecode.swift; path = Y3QuizLightsHomeView.swift; sourceTree = "<group>"; };
		209C40BC2B1535C000A02158 /* Y3QuizHomeView.swift */ = {isa = PBXFileReference; lastKnownFileType = sourcecode.swift; path = Y3QuizHomeView.swift; sourceTree = "<group>"; };
		209C40C32B16370900A02158 /* AppDelegate.swift */ = {isa = PBXFileReference; lastKnownFileType = sourcecode.swift; path = AppDelegate.swift; sourceTree = "<group>"; };
		209C40C62B163E4600A02158 /* countDocumentsInCollection.swift */ = {isa = PBXFileReference; lastKnownFileType = sourcecode.swift; path = countDocumentsInCollection.swift; sourceTree = "<group>"; };
		209C40C82B163F6900A02158 /* QuizHomeViewModel.swift */ = {isa = PBXFileReference; lastKnownFileType = sourcecode.swift; path = QuizHomeViewModel.swift; sourceTree = "<group>"; };
		209C40CA2B16469800A02158 /* Y3QuizLightsLevelViewModel.swift */ = {isa = PBXFileReference; lastKnownFileType = sourcecode.swift; path = Y3QuizLightsLevelViewModel.swift; sourceTree = "<group>"; };
		209C40CC2B16728800A02158 /* DynamicContentViewModel.swift */ = {isa = PBXFileReference; lastKnownFileType = sourcecode.swift; path = DynamicContentViewModel.swift; sourceTree = "<group>"; };
		209C40CE2B16814000A02158 /* Y3QuizQuestionsView.swift */ = {isa = PBXFileReference; lastKnownFileType = sourcecode.swift; path = Y3QuizQuestionsView.swift; sourceTree = "<group>"; };
		209C40DD2B19107400A02158 /* QuizManager.swift */ = {isa = PBXFileReference; lastKnownFileType = sourcecode.swift; path = QuizManager.swift; sourceTree = "<group>"; };
		209C40DF2B1910AA00A02158 /* QuizQuestion.swift */ = {isa = PBXFileReference; lastKnownFileType = sourcecode.swift; path = QuizQuestion.swift; sourceTree = "<group>"; };
		209C40E12B1910DB00A02158 /* QuizViewModel.swift */ = {isa = PBXFileReference; lastKnownFileType = sourcecode.swift; path = QuizViewModel.swift; sourceTree = "<group>"; };
		209C40E32B1A2C5100A02158 /* QuizInfo.swift */ = {isa = PBXFileReference; lastKnownFileType = sourcecode.swift; path = QuizInfo.swift; sourceTree = "<group>"; };
		209C40E52B1A606800A02158 /* SessionManager.swift */ = {isa = PBXFileReference; lastKnownFileType = sourcecode.swift; path = SessionManager.swift; sourceTree = "<group>"; };
		209C40E72B1A669900A02158 /* InsideView.swift */ = {isa = PBXFileReference; lastKnownFileType = sourcecode.swift; path = InsideView.swift; sourceTree = "<group>"; };
		20A2DF752B14E0BD008D2861 /* QuizOptionComponent.swift */ = {isa = PBXFileReference; lastKnownFileType = sourcecode.swift; path = QuizOptionComponent.swift; sourceTree = "<group>"; };
		20A2DF772B14EFD5008D2861 /* QuizOptionRow.swift */ = {isa = PBXFileReference; lastKnownFileType = sourcecode.swift; path = QuizOptionRow.swift; sourceTree = "<group>"; };
		20A2DF792B14F020008D2861 /* QuizOptionViewModel.swift */ = {isa = PBXFileReference; lastKnownFileType = sourcecode.swift; path = QuizOptionViewModel.swift; sourceTree = "<group>"; };
		20C47E072B0E62250074D61F /* RegistrationView.swift */ = {isa = PBXFileReference; lastKnownFileType = sourcecode.swift; path = RegistrationView.swift; sourceTree = "<group>"; };
		20C47E092B0E66A70074D61F /* ForgotPasswordView.swift */ = {isa = PBXFileReference; lastKnownFileType = sourcecode.swift; path = ForgotPasswordView.swift; sourceTree = "<group>"; };
		20C47E0B2B0E69340074D61F /* ProfileView.swift */ = {isa = PBXFileReference; lastKnownFileType = sourcecode.swift; path = ProfileView.swift; sourceTree = "<group>"; };
		20C47E0D2B0E71EC0074D61F /* SettingsRowView.swift */ = {isa = PBXFileReference; lastKnownFileType = sourcecode.swift; path = SettingsRowView.swift; sourceTree = "<group>"; };
		20E0A6942B0FE1CA00096ABF /* Info.plist */ = {isa = PBXFileReference; lastKnownFileType = text.plist; path = Info.plist; sourceTree = "<group>"; };
		20E8FE692B11636A00149522 /* GifImageView.swift */ = {isa = PBXFileReference; lastKnownFileType = sourcecode.swift; path = GifImageView.swift; sourceTree = "<group>"; };
		20E8FE6B2B11656100149522 /* NaviCademy-Launch-Animation.gif */ = {isa = PBXFileReference; lastKnownFileType = image.gif; name = "NaviCademy-Launch-Animation.gif"; path = "../../../../Images/GIF Animation/NaviCademy-Launch-Animation.gif"; sourceTree = "<group>"; };
		20E8FE6D2B1165FA00149522 /* Launch Screen.storyboard */ = {isa = PBXFileReference; lastKnownFileType = file.storyboard; path = "Launch Screen.storyboard"; sourceTree = "<group>"; };
		20ED58722B0E87F90048BF25 /* User.swift */ = {isa = PBXFileReference; lastKnownFileType = sourcecode.swift; path = User.swift; sourceTree = "<group>"; };
		20ED58742B0E92BD0048BF25 /* GoogleService-Info.plist */ = {isa = PBXFileReference; lastKnownFileType = text.plist; path = "GoogleService-Info.plist"; sourceTree = SOURCE_ROOT; };
		20ED58B92B0E97580048BF25 /* AuthViewModel.swift */ = {isa = PBXFileReference; lastKnownFileType = sourcecode.swift; path = AuthViewModel.swift; sourceTree = "<group>"; };
/* End PBXFileReference section */

/* Begin PBXFrameworksBuildPhase section */
		204C4CFB2B0D519E0012AF4A /* Frameworks */ = {
			isa = PBXFrameworksBuildPhase;
			buildActionMask = 2147483647;
			files = (
				20A2DF9F2B151A0E008D2861 /* FirebaseDatabaseSwift in Frameworks */,
				20A2DFA72B151A0E008D2861 /* FirebaseInstallations in Frameworks */,
				20ED589A2B0E966D0048BF25 /* FirebaseFirestore in Frameworks */,
				20ED58962B0E966D0048BF25 /* FirebaseDatabaseSwift in Frameworks */,
				20ED588E2B0E966D0048BF25 /* FirebaseAuth in Frameworks */,
				20ED58A02B0E966D0048BF25 /* FirebaseFunctions in Frameworks */,
				20A2DF9D2B151A0E008D2861 /* FirebaseAuth in Frameworks */,
				20A2DF992B151A0E008D2861 /* FirebaseAnalyticsSwift in Frameworks */,
				20A2DFA92B151A0E008D2861 /* FirebaseStorage in Frameworks */,
				20ED58A82B0E966D0048BF25 /* FirebaseInstallations in Frameworks */,
				20ED589E2B0E966D0048BF25 /* FirebaseFirestoreSwift in Frameworks */,
				20A2DFA52B151A0E008D2861 /* FirebaseFunctions in Frameworks */,
				20A2DFA12B151A0E008D2861 /* FirebaseFirestore in Frameworks */,
				20A2DF9B2B151A0E008D2861 /* FirebaseAnalyticsWithoutAdIdSupport in Frameworks */,
				20A2DFA32B151A0E008D2861 /* FirebaseFirestoreSwift in Frameworks */,
			);
			runOnlyForDeploymentPostprocessing = 0;
		};
/* End PBXFrameworksBuildPhase section */

/* Begin PBXGroup section */
		204C4CF52B0D519E0012AF4A = {
			isa = PBXGroup;
			children = (
				204C4D002B0D519E0012AF4A /* NaviCademy */,
				204C4CFF2B0D519E0012AF4A /* Products */,
			);
			sourceTree = "<group>";
		};
		204C4CFF2B0D519E0012AF4A /* Products */ = {
			isa = PBXGroup;
			children = (
				204C4CFE2B0D519E0012AF4A /* NaviCademy.app */,
			);
			name = Products;
			sourceTree = "<group>";
		};
		204C4D002B0D519E0012AF4A /* NaviCademy */ = {
			isa = PBXGroup;
			children = (
				209C40C52B163E1500A02158 /* Services */,
				209C40C22B1636E700A02158 /* Delegate */,
				20E0A6942B0FE1CA00096ABF /* Info.plist */,
				204C4D0F2B0D51D60012AF4A /* App */,
				204C4D102B0D51F70012AF4A /* Components */,
				204C4D112B0D520C0012AF4A /* Core */,
				204C4D122B0D52170012AF4A /* Model */,
				204C4D052B0D519F0012AF4A /* Assets.xcassets */,
				20ED58742B0E92BD0048BF25 /* GoogleService-Info.plist */,
				20E8FE6B2B11656100149522 /* NaviCademy-Launch-Animation.gif */,
				204C4D072B0D519F0012AF4A /* Preview Content */,
			);
			path = NaviCademy;
			sourceTree = "<group>";
		};
		204C4D072B0D519F0012AF4A /* Preview Content */ = {
			isa = PBXGroup;
			children = (
				204C4D082B0D519F0012AF4A /* Preview Assets.xcassets */,
			);
			path = "Preview Content";
			sourceTree = "<group>";
		};
		204C4D0F2B0D51D60012AF4A /* App */ = {
			isa = PBXGroup;
			children = (
				204C4D012B0D519E0012AF4A /* NaviCademyApp.swift */,
				20E8FE6D2B1165FA00149522 /* Launch Screen.storyboard */,
			);
			path = App;
			sourceTree = "<group>";
		};
		204C4D102B0D51F70012AF4A /* Components */ = {
			isa = PBXGroup;
			children = (
				20A2DF742B14E089008D2861 /* Learn */,
				20A2DF732B14E07F008D2861 /* Quiz */,
				204C4D1A2B0D56670012AF4A /* InputView.swift */,
				20C47E0D2B0E71EC0074D61F /* SettingsRowView.swift */,
				20E8FE692B11636A00149522 /* GifImageView.swift */,
				205C16562B138885004FFE27 /* CustomButtonView.swift */,
				205C16582B1388EC004FFE27 /* CustomLabel.swift */,
				209C40B42B1521A700A02158 /* hvAlignmentView.swift */,
			);
			path = Components;
			sourceTree = "<group>";
		};
		204C4D112B0D520C0012AF4A /* Core */ = {
			isa = PBXGroup;
			children = (
				209C40DC2B19105700A02158 /* Managers */,
				205C16682B13E799004FFE27 /* Learn */,
				20E8FE5E2B11068400149522 /* Quiz */,
				204C4D152B0D52720012AF4A /* Profile */,
				204C4D142B0D52630012AF4A /* Authentication */,
				204C4D132B0D52440012AF4A /* Root */,
			);
			path = Core;
			sourceTree = "<group>";
		};
		204C4D122B0D52170012AF4A /* Model */ = {
			isa = PBXGroup;
			children = (
				20ED58722B0E87F90048BF25 /* User.swift */,
			);
			path = Model;
			sourceTree = "<group>";
		};
		204C4D132B0D52440012AF4A /* Root */ = {
			isa = PBXGroup;
			children = (
				204C4D032B0D519E0012AF4A /* ContentView.swift */,
				205C16602B13C7DC004FFE27 /* HomeView.swift */,
				205C16622B13CABB004FFE27 /* MainView.swift */,
				205C16642B13CAC6004FFE27 /* MoreView.swift */,
			);
			path = Root;
			sourceTree = "<group>";
		};
		204C4D142B0D52630012AF4A /* Authentication */ = {
			isa = PBXGroup;
			children = (
				20ED58B82B0E971E0048BF25 /* ViewModel */,
				20ED58B72B0E97080048BF25 /* View */,
			);
			path = Authentication;
			sourceTree = "<group>";
		};
		204C4D152B0D52720012AF4A /* Profile */ = {
			isa = PBXGroup;
			children = (
				20C47E0B2B0E69340074D61F /* ProfileView.swift */,
			);
			path = Profile;
			sourceTree = "<group>";
		};
		205C16682B13E799004FFE27 /* Learn */ = {
			isa = PBXGroup;
			children = (
				205C166A2B13E7B5004FFE27 /* ViewModel */,
				205C16692B13E7AE004FFE27 /* View */,
			);
			path = Learn;
			sourceTree = "<group>";
		};
		205C16692B13E7AE004FFE27 /* View */ = {
			isa = PBXGroup;
			children = (
				205C16662B13CAD0004FFE27 /* LearnHomeView.swift */,
			);
			path = View;
			sourceTree = "<group>";
		};
		205C166A2B13E7B5004FFE27 /* ViewModel */ = {
			isa = PBXGroup;
			children = (
			);
			path = ViewModel;
			sourceTree = "<group>";
		};
		209C40C22B1636E700A02158 /* Delegate */ = {
			isa = PBXGroup;
			children = (
				209C40C32B16370900A02158 /* AppDelegate.swift */,
			);
			path = Delegate;
			sourceTree = "<group>";
		};
		209C40C52B163E1500A02158 /* Services */ = {
			isa = PBXGroup;
			children = (
				209C40C62B163E4600A02158 /* countDocumentsInCollection.swift */,
			);
			path = Services;
			sourceTree = "<group>";
		};
		209C40D22B190A3700A02158 /* Y3 */ = {
			isa = PBXGroup;
			children = (
				209C40B82B152DA900A02158 /* Y3QuizLightsLevelView.swift */,
				209C40BA2B15343400A02158 /* Y3QuizLightsHomeView.swift */,
				209C40BC2B1535C000A02158 /* Y3QuizHomeView.swift */,
				209C40CE2B16814000A02158 /* Y3QuizQuestionsView.swift */,
			);
			path = Y3;
			sourceTree = "<group>";
		};
		209C40D32B190A7300A02158 /* Speedboat */ = {
			isa = PBXGroup;
			children = (
			);
			name = Speedboat;
			path = "Speedbåd";
			sourceTree = "<group>";
		};
		209C40D42B190A8500A02158 /* Duelighed */ = {
			isa = PBXGroup;
			children = (
			);
			path = Duelighed;
			sourceTree = "<group>";
		};
		209C40D52B190A9000A02158 /* Y1 */ = {
			isa = PBXGroup;
			children = (
			);
			path = Y1;
			sourceTree = "<group>";
		};
		209C40D62B190A9C00A02158 /* Admiral */ = {
			isa = PBXGroup;
			children = (
			);
			path = Admiral;
			sourceTree = "<group>";
		};
		209C40D72B190AC700A02158 /* Y3 */ = {
			isa = PBXGroup;
			children = (
				209C40CA2B16469800A02158 /* Y3QuizLightsLevelViewModel.swift */,
			);
			path = Y3;
			sourceTree = "<group>";
		};
		209C40D82B190AD400A02158 /* Speedboat */ = {
			isa = PBXGroup;
			children = (
			);
			path = Speedboat;
			sourceTree = "<group>";
		};
		209C40D92B190AEE00A02158 /* Duelighed */ = {
			isa = PBXGroup;
			children = (
			);
			path = Duelighed;
			sourceTree = "<group>";
		};
		209C40DA2B190AFE00A02158 /* Y1 */ = {
			isa = PBXGroup;
			children = (
			);
			path = Y1;
			sourceTree = "<group>";
		};
		209C40DB2B190B0800A02158 /* Admiral */ = {
			isa = PBXGroup;
			children = (
			);
			path = Admiral;
			sourceTree = "<group>";
		};
		209C40DC2B19105700A02158 /* Managers */ = {
			isa = PBXGroup;
			children = (
				209C40DD2B19107400A02158 /* QuizManager.swift */,
				209C40E52B1A606800A02158 /* SessionManager.swift */,
			);
			path = Managers;
			sourceTree = "<group>";
		};
		20A2DF732B14E07F008D2861 /* Quiz */ = {
			isa = PBXGroup;
			children = (
				20A2DF752B14E0BD008D2861 /* QuizOptionComponent.swift */,
				20A2DF772B14EFD5008D2861 /* QuizOptionRow.swift */,
			);
			path = Quiz;
			sourceTree = "<group>";
		};
		20A2DF742B14E089008D2861 /* Learn */ = {
			isa = PBXGroup;
			children = (
			);
			path = Learn;
			sourceTree = "<group>";
		};
		20E8FE5E2B11068400149522 /* Quiz */ = {
			isa = PBXGroup;
			children = (
				20E8FE602B1106AC00149522 /* View */,
				20E8FE5F2B1106A000149522 /* ViewModel */,
				209C40E72B1A669900A02158 /* InsideView.swift */,
			);
			path = Quiz;
			sourceTree = "<group>";
		};
		20E8FE5F2B1106A000149522 /* ViewModel */ = {
			isa = PBXGroup;
			children = (
				209C40DB2B190B0800A02158 /* Admiral */,
				209C40DA2B190AFE00A02158 /* Y1 */,
				209C40D92B190AEE00A02158 /* Duelighed */,
				209C40D82B190AD400A02158 /* Speedboat */,
				209C40D72B190AC700A02158 /* Y3 */,
				20A2DF792B14F020008D2861 /* QuizOptionViewModel.swift */,
				209C40C82B163F6900A02158 /* QuizHomeViewModel.swift */,
				209C40CC2B16728800A02158 /* DynamicContentViewModel.swift */,
				209C40DF2B1910AA00A02158 /* QuizQuestion.swift */,
				209C40E32B1A2C5100A02158 /* QuizInfo.swift */,
				209C40E12B1910DB00A02158 /* QuizViewModel.swift */,
			);
			path = ViewModel;
			sourceTree = "<group>";
		};
		20E8FE602B1106AC00149522 /* View */ = {
			isa = PBXGroup;
			children = (
				209C40D62B190A9C00A02158 /* Admiral */,
				209C40D52B190A9000A02158 /* Y1 */,
				209C40D42B190A8500A02158 /* Duelighed */,
				209C40D32B190A7300A02158 /* Speedboat */,
				209C40D22B190A3700A02158 /* Y3 */,
				205C165E2B13C79F004FFE27 /* QuizHomeView.swift */,
			);
			path = View;
			sourceTree = "<group>";
		};
		20ED58B72B0E97080048BF25 /* View */ = {
			isa = PBXGroup;
			children = (
				204C4D162B0D52C80012AF4A /* LoginView.swift */,
				20C47E072B0E62250074D61F /* RegistrationView.swift */,
				20C47E092B0E66A70074D61F /* ForgotPasswordView.swift */,
			);
			path = View;
			sourceTree = "<group>";
		};
		20ED58B82B0E971E0048BF25 /* ViewModel */ = {
			isa = PBXGroup;
			children = (
				20ED58B92B0E97580048BF25 /* AuthViewModel.swift */,
			);
			path = ViewModel;
			sourceTree = "<group>";
		};
/* End PBXGroup section */

/* Begin PBXNativeTarget section */
		204C4CFD2B0D519E0012AF4A /* NaviCademy */ = {
			isa = PBXNativeTarget;
			buildConfigurationList = 204C4D0C2B0D519F0012AF4A /* Build configuration list for PBXNativeTarget "NaviCademy" */;
			buildPhases = (
				204C4CFA2B0D519E0012AF4A /* Sources */,
				204C4CFB2B0D519E0012AF4A /* Frameworks */,
				204C4CFC2B0D519E0012AF4A /* Resources */,
			);
			buildRules = (
			);
			dependencies = (
			);
			name = NaviCademy;
			packageProductDependencies = (
				20ED588D2B0E966D0048BF25 /* FirebaseAuth */,
				20ED58952B0E966D0048BF25 /* FirebaseDatabaseSwift */,
				20ED58992B0E966D0048BF25 /* FirebaseFirestore */,
				20ED589D2B0E966D0048BF25 /* FirebaseFirestoreSwift */,
				20ED589F2B0E966D0048BF25 /* FirebaseFunctions */,
				20ED58A72B0E966D0048BF25 /* FirebaseInstallations */,
				20A2DF982B151A0E008D2861 /* FirebaseAnalyticsSwift */,
				20A2DF9A2B151A0E008D2861 /* FirebaseAnalyticsWithoutAdIdSupport */,
				20A2DF9C2B151A0E008D2861 /* FirebaseAuth */,
				20A2DF9E2B151A0E008D2861 /* FirebaseDatabaseSwift */,
				20A2DFA02B151A0E008D2861 /* FirebaseFirestore */,
				20A2DFA22B151A0E008D2861 /* FirebaseFirestoreSwift */,
				20A2DFA42B151A0E008D2861 /* FirebaseFunctions */,
				20A2DFA62B151A0E008D2861 /* FirebaseInstallations */,
				20A2DFA82B151A0E008D2861 /* FirebaseStorage */,
			);
			productName = NaviCademy;
			productReference = 204C4CFE2B0D519E0012AF4A /* NaviCademy.app */;
			productType = "com.apple.product-type.application";
		};
/* End PBXNativeTarget section */

/* Begin PBXProject section */
		204C4CF62B0D519E0012AF4A /* Project object */ = {
			isa = PBXProject;
			attributes = {
				BuildIndependentTargetsInParallel = 1;
				LastSwiftUpdateCheck = 1500;
				LastUpgradeCheck = 1500;
				TargetAttributes = {
					204C4CFD2B0D519E0012AF4A = {
						CreatedOnToolsVersion = 15.0.1;
					};
				};
			};
			buildConfigurationList = 204C4CF92B0D519E0012AF4A /* Build configuration list for PBXProject "NaviCademy" */;
			compatibilityVersion = "Xcode 14.0";
			developmentRegion = da;
			hasScannedForEncodings = 0;
			knownRegions = (
				en,
				Base,
				da,
			);
			mainGroup = 204C4CF52B0D519E0012AF4A;
			packageReferences = (
				20ED58762B0E95FA0048BF25 /* XCRemoteSwiftPackageReference "firebase-ios-sdk" */,
			);
			productRefGroup = 204C4CFF2B0D519E0012AF4A /* Products */;
			projectDirPath = "";
			projectRoot = "";
			targets = (
				204C4CFD2B0D519E0012AF4A /* NaviCademy */,
			);
		};
/* End PBXProject section */

/* Begin PBXResourcesBuildPhase section */
		204C4CFC2B0D519E0012AF4A /* Resources */ = {
			isa = PBXResourcesBuildPhase;
			buildActionMask = 2147483647;
			files = (
				204C4D092B0D519F0012AF4A /* Preview Assets.xcassets in Resources */,
				20E8FE6C2B11656100149522 /* NaviCademy-Launch-Animation.gif in Resources */,
				204C4D062B0D519F0012AF4A /* Assets.xcassets in Resources */,
				20E8FE6E2B1165FA00149522 /* Launch Screen.storyboard in Resources */,
				20ED58752B0E92BD0048BF25 /* GoogleService-Info.plist in Resources */,
			);
			runOnlyForDeploymentPostprocessing = 0;
		};
/* End PBXResourcesBuildPhase section */

/* Begin PBXSourcesBuildPhase section */
		204C4CFA2B0D519E0012AF4A /* Sources */ = {
			isa = PBXSourcesBuildPhase;
			buildActionMask = 2147483647;
			files = (
				20A2DF782B14EFD5008D2861 /* QuizOptionRow.swift in Sources */,
				205C16672B13CAD0004FFE27 /* LearnHomeView.swift in Sources */,
				209C40E62B1A606800A02158 /* SessionManager.swift in Sources */,
				20ED58BA2B0E97580048BF25 /* AuthViewModel.swift in Sources */,
				209C40E42B1A2C5100A02158 /* QuizInfo.swift in Sources */,
				205C16592B1388ED004FFE27 /* CustomLabel.swift in Sources */,
				209C40CB2B16469800A02158 /* Y3QuizLightsLevelViewModel.swift in Sources */,
				205C16572B138885004FFE27 /* CustomButtonView.swift in Sources */,
				209C40E02B1910AA00A02158 /* QuizQuestion.swift in Sources */,
				20A2DF7A2B14F020008D2861 /* QuizOptionViewModel.swift in Sources */,
				209C40B92B152DA900A02158 /* Y3QuizLightsLevelView.swift in Sources */,
				209C40E82B1A669900A02158 /* InsideView.swift in Sources */,
				209C40B52B1521A700A02158 /* hvAlignmentView.swift in Sources */,
				209C40C42B16370900A02158 /* AppDelegate.swift in Sources */,
				209C40BB2B15343400A02158 /* Y3QuizLightsHomeView.swift in Sources */,
				204C4D1B2B0D56670012AF4A /* InputView.swift in Sources */,
				205C16612B13C7DC004FFE27 /* HomeView.swift in Sources */,
				204C4D172B0D52C80012AF4A /* LoginView.swift in Sources */,
				205C16652B13CAC6004FFE27 /* MoreView.swift in Sources */,
				209C40C72B163E4600A02158 /* countDocumentsInCollection.swift in Sources */,
				209C40DE2B19107400A02158 /* QuizManager.swift in Sources */,
				209C40BD2B1535C000A02158 /* Y3QuizHomeView.swift in Sources */,
				204C4D042B0D519E0012AF4A /* ContentView.swift in Sources */,
				204C4D022B0D519E0012AF4A /* NaviCademyApp.swift in Sources */,
				20C47E0E2B0E71EC0074D61F /* SettingsRowView.swift in Sources */,
				209C40CD2B16728800A02158 /* DynamicContentViewModel.swift in Sources */,
				20ED58732B0E87F90048BF25 /* User.swift in Sources */,
				209C40C92B163F6900A02158 /* QuizHomeViewModel.swift in Sources */,
				20C47E0A2B0E66A70074D61F /* ForgotPasswordView.swift in Sources */,
				209C40CF2B16814000A02158 /* Y3QuizQuestionsView.swift in Sources */,
				20E8FE6A2B11636A00149522 /* GifImageView.swift in Sources */,
				20C47E0C2B0E69340074D61F /* ProfileView.swift in Sources */,
				205C16632B13CABB004FFE27 /* MainView.swift in Sources */,
				20C47E082B0E62250074D61F /* RegistrationView.swift in Sources */,
				209C40E22B1910DB00A02158 /* QuizViewModel.swift in Sources */,
				205C165F2B13C79F004FFE27 /* QuizHomeView.swift in Sources */,
				20A2DF762B14E0BD008D2861 /* QuizOptionComponent.swift in Sources */,
			);
			runOnlyForDeploymentPostprocessing = 0;
		};
/* End PBXSourcesBuildPhase section */

/* Begin XCBuildConfiguration section */
		204C4D0A2B0D519F0012AF4A /* Debug */ = {
			isa = XCBuildConfiguration;
			buildSettings = {
				ALWAYS_SEARCH_USER_PATHS = NO;
				ASSETCATALOG_COMPILER_GENERATE_SWIFT_ASSET_SYMBOL_EXTENSIONS = YES;
				CLANG_ANALYZER_NONNULL = YES;
				CLANG_ANALYZER_NUMBER_OBJECT_CONVERSION = YES_AGGRESSIVE;
				CLANG_CXX_LANGUAGE_STANDARD = "gnu++20";
				CLANG_ENABLE_MODULES = YES;
				CLANG_ENABLE_OBJC_ARC = YES;
				CLANG_ENABLE_OBJC_WEAK = YES;
				CLANG_WARN_BLOCK_CAPTURE_AUTORELEASING = YES;
				CLANG_WARN_BOOL_CONVERSION = YES;
				CLANG_WARN_COMMA = YES;
				CLANG_WARN_CONSTANT_CONVERSION = YES;
				CLANG_WARN_DEPRECATED_OBJC_IMPLEMENTATIONS = YES;
				CLANG_WARN_DIRECT_OBJC_ISA_USAGE = YES_ERROR;
				CLANG_WARN_DOCUMENTATION_COMMENTS = YES;
				CLANG_WARN_EMPTY_BODY = YES;
				CLANG_WARN_ENUM_CONVERSION = YES;
				CLANG_WARN_INFINITE_RECURSION = YES;
				CLANG_WARN_INT_CONVERSION = YES;
				CLANG_WARN_NON_LITERAL_NULL_CONVERSION = YES;
				CLANG_WARN_OBJC_IMPLICIT_RETAIN_SELF = YES;
				CLANG_WARN_OBJC_LITERAL_CONVERSION = YES;
				CLANG_WARN_OBJC_ROOT_CLASS = YES_ERROR;
				CLANG_WARN_QUOTED_INCLUDE_IN_FRAMEWORK_HEADER = YES;
				CLANG_WARN_RANGE_LOOP_ANALYSIS = YES;
				CLANG_WARN_STRICT_PROTOTYPES = YES;
				CLANG_WARN_SUSPICIOUS_MOVE = YES;
				CLANG_WARN_UNGUARDED_AVAILABILITY = YES_AGGRESSIVE;
				CLANG_WARN_UNREACHABLE_CODE = YES;
				CLANG_WARN__DUPLICATE_METHOD_MATCH = YES;
				COPY_PHASE_STRIP = NO;
				DEBUG_INFORMATION_FORMAT = dwarf;
				ENABLE_STRICT_OBJC_MSGSEND = YES;
				ENABLE_TESTABILITY = YES;
				ENABLE_USER_SCRIPT_SANDBOXING = YES;
				GCC_C_LANGUAGE_STANDARD = gnu17;
				GCC_DYNAMIC_NO_PIC = NO;
				GCC_NO_COMMON_BLOCKS = YES;
				GCC_OPTIMIZATION_LEVEL = 0;
				GCC_PREPROCESSOR_DEFINITIONS = (
					"DEBUG=1",
					"$(inherited)",
				);
				GCC_WARN_64_TO_32_BIT_CONVERSION = YES;
				GCC_WARN_ABOUT_RETURN_TYPE = YES_ERROR;
				GCC_WARN_UNDECLARED_SELECTOR = YES;
				GCC_WARN_UNINITIALIZED_AUTOS = YES_AGGRESSIVE;
				GCC_WARN_UNUSED_FUNCTION = YES;
				GCC_WARN_UNUSED_VARIABLE = YES;
				IPHONEOS_DEPLOYMENT_TARGET = 17.0;
				LOCALIZATION_PREFERS_STRING_CATALOGS = YES;
				MTL_ENABLE_DEBUG_INFO = INCLUDE_SOURCE;
				MTL_FAST_MATH = YES;
				ONLY_ACTIVE_ARCH = YES;
				SDKROOT = iphoneos;
				SWIFT_ACTIVE_COMPILATION_CONDITIONS = "DEBUG $(inherited)";
				SWIFT_OPTIMIZATION_LEVEL = "-Onone";
			};
			name = Debug;
		};
		204C4D0B2B0D519F0012AF4A /* Release */ = {
			isa = XCBuildConfiguration;
			buildSettings = {
				ALWAYS_SEARCH_USER_PATHS = NO;
				ASSETCATALOG_COMPILER_GENERATE_SWIFT_ASSET_SYMBOL_EXTENSIONS = YES;
				CLANG_ANALYZER_NONNULL = YES;
				CLANG_ANALYZER_NUMBER_OBJECT_CONVERSION = YES_AGGRESSIVE;
				CLANG_CXX_LANGUAGE_STANDARD = "gnu++20";
				CLANG_ENABLE_MODULES = YES;
				CLANG_ENABLE_OBJC_ARC = YES;
				CLANG_ENABLE_OBJC_WEAK = YES;
				CLANG_WARN_BLOCK_CAPTURE_AUTORELEASING = YES;
				CLANG_WARN_BOOL_CONVERSION = YES;
				CLANG_WARN_COMMA = YES;
				CLANG_WARN_CONSTANT_CONVERSION = YES;
				CLANG_WARN_DEPRECATED_OBJC_IMPLEMENTATIONS = YES;
				CLANG_WARN_DIRECT_OBJC_ISA_USAGE = YES_ERROR;
				CLANG_WARN_DOCUMENTATION_COMMENTS = YES;
				CLANG_WARN_EMPTY_BODY = YES;
				CLANG_WARN_ENUM_CONVERSION = YES;
				CLANG_WARN_INFINITE_RECURSION = YES;
				CLANG_WARN_INT_CONVERSION = YES;
				CLANG_WARN_NON_LITERAL_NULL_CONVERSION = YES;
				CLANG_WARN_OBJC_IMPLICIT_RETAIN_SELF = YES;
				CLANG_WARN_OBJC_LITERAL_CONVERSION = YES;
				CLANG_WARN_OBJC_ROOT_CLASS = YES_ERROR;
				CLANG_WARN_QUOTED_INCLUDE_IN_FRAMEWORK_HEADER = YES;
				CLANG_WARN_RANGE_LOOP_ANALYSIS = YES;
				CLANG_WARN_STRICT_PROTOTYPES = YES;
				CLANG_WARN_SUSPICIOUS_MOVE = YES;
				CLANG_WARN_UNGUARDED_AVAILABILITY = YES_AGGRESSIVE;
				CLANG_WARN_UNREACHABLE_CODE = YES;
				CLANG_WARN__DUPLICATE_METHOD_MATCH = YES;
				COPY_PHASE_STRIP = NO;
				DEBUG_INFORMATION_FORMAT = "dwarf-with-dsym";
				ENABLE_NS_ASSERTIONS = NO;
				ENABLE_STRICT_OBJC_MSGSEND = YES;
				ENABLE_USER_SCRIPT_SANDBOXING = YES;
				GCC_C_LANGUAGE_STANDARD = gnu17;
				GCC_NO_COMMON_BLOCKS = YES;
				GCC_WARN_64_TO_32_BIT_CONVERSION = YES;
				GCC_WARN_ABOUT_RETURN_TYPE = YES_ERROR;
				GCC_WARN_UNDECLARED_SELECTOR = YES;
				GCC_WARN_UNINITIALIZED_AUTOS = YES_AGGRESSIVE;
				GCC_WARN_UNUSED_FUNCTION = YES;
				GCC_WARN_UNUSED_VARIABLE = YES;
				IPHONEOS_DEPLOYMENT_TARGET = 17.0;
				LOCALIZATION_PREFERS_STRING_CATALOGS = YES;
				MTL_ENABLE_DEBUG_INFO = NO;
				MTL_FAST_MATH = YES;
				SDKROOT = iphoneos;
				SWIFT_COMPILATION_MODE = wholemodule;
				VALIDATE_PRODUCT = YES;
			};
			name = Release;
		};
		204C4D0D2B0D519F0012AF4A /* Debug */ = {
			isa = XCBuildConfiguration;
			buildSettings = {
				ASSETCATALOG_COMPILER_APPICON_NAME = AppIcon;
				ASSETCATALOG_COMPILER_GLOBAL_ACCENT_COLOR_NAME = AccentColor;
				ASSETCATALOG_COMPILER_INCLUDE_ALL_APPICON_ASSETS = YES;
				CODE_SIGN_STYLE = Automatic;
				CURRENT_PROJECT_VERSION = 1;
				DEVELOPMENT_ASSET_PATHS = "\"NaviCademy/Preview Content\"";
				DEVELOPMENT_TEAM = AWNF2DCU75;
				ENABLE_PREVIEWS = YES;
				GENERATE_INFOPLIST_FILE = YES;
				INFOPLIST_FILE = NaviCademy/Info.plist;
				INFOPLIST_KEY_CFBundleDisplayName = NaviCademy;
				INFOPLIST_KEY_LSApplicationCategoryType = "public.app-category.education";
				INFOPLIST_KEY_NSFaceIDUsageDescription = "Allow FaceID to log into the app";
				INFOPLIST_KEY_UIApplicationSceneManifest_Generation = YES;
				INFOPLIST_KEY_UIApplicationSupportsIndirectInputEvents = YES;
				INFOPLIST_KEY_UILaunchStoryboardName = "Launch Screen.storyboard";
				INFOPLIST_KEY_UISupportedInterfaceOrientations = UIInterfaceOrientationPortrait;
				INFOPLIST_KEY_UISupportedInterfaceOrientations_iPad = "UIInterfaceOrientationLandscapeLeft UIInterfaceOrientationLandscapeRight UIInterfaceOrientationPortrait UIInterfaceOrientationPortraitUpsideDown";
				LD_RUNPATH_SEARCH_PATHS = (
					"$(inherited)",
					"@executable_path/Frameworks",
				);
				MARKETING_VERSION = 1.0.0;
				PRODUCT_BUNDLE_IDENTIFIER = com.navicademy.NaviCademy;
				PRODUCT_NAME = "$(TARGET_NAME)";
				SWIFT_EMIT_LOC_STRINGS = YES;
				SWIFT_VERSION = 5.0;
				TARGETED_DEVICE_FAMILY = "1,2";
			};
			name = Debug;
		};
		204C4D0E2B0D519F0012AF4A /* Release */ = {
			isa = XCBuildConfiguration;
			buildSettings = {
				ASSETCATALOG_COMPILER_APPICON_NAME = AppIcon;
				ASSETCATALOG_COMPILER_GLOBAL_ACCENT_COLOR_NAME = AccentColor;
				ASSETCATALOG_COMPILER_INCLUDE_ALL_APPICON_ASSETS = YES;
				CODE_SIGN_STYLE = Automatic;
				CURRENT_PROJECT_VERSION = 1;
				DEVELOPMENT_ASSET_PATHS = "\"NaviCademy/Preview Content\"";
				DEVELOPMENT_TEAM = AWNF2DCU75;
				ENABLE_PREVIEWS = YES;
				GENERATE_INFOPLIST_FILE = YES;
				INFOPLIST_FILE = NaviCademy/Info.plist;
				INFOPLIST_KEY_CFBundleDisplayName = NaviCademy;
				INFOPLIST_KEY_LSApplicationCategoryType = "public.app-category.education";
				INFOPLIST_KEY_NSFaceIDUsageDescription = "Allow FaceID to log into the app";
				INFOPLIST_KEY_UIApplicationSceneManifest_Generation = YES;
				INFOPLIST_KEY_UIApplicationSupportsIndirectInputEvents = YES;
				INFOPLIST_KEY_UILaunchStoryboardName = "Launch Screen.storyboard";
				INFOPLIST_KEY_UISupportedInterfaceOrientations = UIInterfaceOrientationPortrait;
				INFOPLIST_KEY_UISupportedInterfaceOrientations_iPad = "UIInterfaceOrientationLandscapeLeft UIInterfaceOrientationLandscapeRight UIInterfaceOrientationPortrait UIInterfaceOrientationPortraitUpsideDown";
				LD_RUNPATH_SEARCH_PATHS = (
					"$(inherited)",
					"@executable_path/Frameworks",
				);
				MARKETING_VERSION = 1.0.0;
				PRODUCT_BUNDLE_IDENTIFIER = com.navicademy.NaviCademy;
				PRODUCT_NAME = "$(TARGET_NAME)";
				SWIFT_EMIT_LOC_STRINGS = YES;
				SWIFT_VERSION = 5.0;
				TARGETED_DEVICE_FAMILY = "1,2";
			};
			name = Release;
		};
/* End XCBuildConfiguration section */

/* Begin XCConfigurationList section */
		204C4CF92B0D519E0012AF4A /* Build configuration list for PBXProject "NaviCademy" */ = {
			isa = XCConfigurationList;
			buildConfigurations = (
				204C4D0A2B0D519F0012AF4A /* Debug */,
				204C4D0B2B0D519F0012AF4A /* Release */,
			);
			defaultConfigurationIsVisible = 0;
			defaultConfigurationName = Release;
		};
		204C4D0C2B0D519F0012AF4A /* Build configuration list for PBXNativeTarget "NaviCademy" */ = {
			isa = XCConfigurationList;
			buildConfigurations = (
				204C4D0D2B0D519F0012AF4A /* Debug */,
				204C4D0E2B0D519F0012AF4A /* Release */,
			);
			defaultConfigurationIsVisible = 0;
			defaultConfigurationName = Release;
		};
/* End XCConfigurationList section */

/* Begin XCRemoteSwiftPackageReference section */
		20ED58762B0E95FA0048BF25 /* XCRemoteSwiftPackageReference "firebase-ios-sdk" */ = {
			isa = XCRemoteSwiftPackageReference;
			repositoryURL = "https://github.com/firebase/firebase-ios-sdk";
			requirement = {
				kind = upToNextMajorVersion;
				minimumVersion = 10.18.0;
			};
		};
/* End XCRemoteSwiftPackageReference section */

/* Begin XCSwiftPackageProductDependency section */
		20A2DF982B151A0E008D2861 /* FirebaseAnalyticsSwift */ = {
			isa = XCSwiftPackageProductDependency;
			package = 20ED58762B0E95FA0048BF25 /* XCRemoteSwiftPackageReference "firebase-ios-sdk" */;
			productName = FirebaseAnalyticsSwift;
		};
		20A2DF9A2B151A0E008D2861 /* FirebaseAnalyticsWithoutAdIdSupport */ = {
			isa = XCSwiftPackageProductDependency;
			package = 20ED58762B0E95FA0048BF25 /* XCRemoteSwiftPackageReference "firebase-ios-sdk" */;
			productName = FirebaseAnalyticsWithoutAdIdSupport;
		};
		20A2DF9C2B151A0E008D2861 /* FirebaseAuth */ = {
			isa = XCSwiftPackageProductDependency;
			package = 20ED58762B0E95FA0048BF25 /* XCRemoteSwiftPackageReference "firebase-ios-sdk" */;
			productName = FirebaseAuth;
		};
		20A2DF9E2B151A0E008D2861 /* FirebaseDatabaseSwift */ = {
			isa = XCSwiftPackageProductDependency;
			package = 20ED58762B0E95FA0048BF25 /* XCRemoteSwiftPackageReference "firebase-ios-sdk" */;
			productName = FirebaseDatabaseSwift;
		};
		20A2DFA02B151A0E008D2861 /* FirebaseFirestore */ = {
			isa = XCSwiftPackageProductDependency;
			package = 20ED58762B0E95FA0048BF25 /* XCRemoteSwiftPackageReference "firebase-ios-sdk" */;
			productName = FirebaseFirestore;
		};
		20A2DFA22B151A0E008D2861 /* FirebaseFirestoreSwift */ = {
			isa = XCSwiftPackageProductDependency;
			package = 20ED58762B0E95FA0048BF25 /* XCRemoteSwiftPackageReference "firebase-ios-sdk" */;
			productName = FirebaseFirestoreSwift;
		};
		20A2DFA42B151A0E008D2861 /* FirebaseFunctions */ = {
			isa = XCSwiftPackageProductDependency;
			package = 20ED58762B0E95FA0048BF25 /* XCRemoteSwiftPackageReference "firebase-ios-sdk" */;
			productName = FirebaseFunctions;
		};
		20A2DFA62B151A0E008D2861 /* FirebaseInstallations */ = {
			isa = XCSwiftPackageProductDependency;
			package = 20ED58762B0E95FA0048BF25 /* XCRemoteSwiftPackageReference "firebase-ios-sdk" */;
			productName = FirebaseInstallations;
		};
		20A2DFA82B151A0E008D2861 /* FirebaseStorage */ = {
			isa = XCSwiftPackageProductDependency;
			package = 20ED58762B0E95FA0048BF25 /* XCRemoteSwiftPackageReference "firebase-ios-sdk" */;
			productName = FirebaseStorage;
		};
		20ED588D2B0E966D0048BF25 /* FirebaseAuth */ = {
			isa = XCSwiftPackageProductDependency;
			package = 20ED58762B0E95FA0048BF25 /* XCRemoteSwiftPackageReference "firebase-ios-sdk" */;
			productName = FirebaseAuth;
		};
		20ED58952B0E966D0048BF25 /* FirebaseDatabaseSwift */ = {
			isa = XCSwiftPackageProductDependency;
			package = 20ED58762B0E95FA0048BF25 /* XCRemoteSwiftPackageReference "firebase-ios-sdk" */;
			productName = FirebaseDatabaseSwift;
		};
		20ED58992B0E966D0048BF25 /* FirebaseFirestore */ = {
			isa = XCSwiftPackageProductDependency;
			package = 20ED58762B0E95FA0048BF25 /* XCRemoteSwiftPackageReference "firebase-ios-sdk" */;
			productName = FirebaseFirestore;
		};
		20ED589D2B0E966D0048BF25 /* FirebaseFirestoreSwift */ = {
			isa = XCSwiftPackageProductDependency;
			package = 20ED58762B0E95FA0048BF25 /* XCRemoteSwiftPackageReference "firebase-ios-sdk" */;
			productName = FirebaseFirestoreSwift;
		};
		20ED589F2B0E966D0048BF25 /* FirebaseFunctions */ = {
			isa = XCSwiftPackageProductDependency;
			package = 20ED58762B0E95FA0048BF25 /* XCRemoteSwiftPackageReference "firebase-ios-sdk" */;
			productName = FirebaseFunctions;
		};
		20ED58A72B0E966D0048BF25 /* FirebaseInstallations */ = {
			isa = XCSwiftPackageProductDependency;
			package = 20ED58762B0E95FA0048BF25 /* XCRemoteSwiftPackageReference "firebase-ios-sdk" */;
			productName = FirebaseInstallations;
		};
/* End XCSwiftPackageProductDependency section */
	};
	rootObject = 204C4CF62B0D519E0012AF4A /* Project object */;
}
